{
  "name": "cometd-client",
  "version": "1.0.0",
  "lockfileVersion": 1,
  "requires": true,
  "dependencies": {
    "cometd": {
      "version": "4.0.3",
      "resolved": "https://registry.npmjs.org/cometd/-/cometd-4.0.3.tgz",
      "integrity": "sha512-6oq+ay++yZNVKq4q/FXSVE9KLPGsCJqJ/nwUknsAZyPitsqvQvD1ASS/dE7A0DOu6orItjJtDIs02iRhlJhXMA=="
    },
    "cometd-nodejs-client": {
      "version": "1.0.2",
      "resolved": "https://registry.npmjs.org/cometd-nodejs-client/-/cometd-nodejs-client-1.0.2.tgz",
      "integrity": "sha512-V49AZtxrEhbHRSSTYdTB0i8SGa5ip3iwbTfboVEku5/H9fMAw4GkFnzzKSBU96jCNkTq46vIuN1V5UhUIeCjMA=="
    }
  }
}
